schema_version: 1
generated_at: '2026-06-12T16:26:48+00:00'
policy: Deterministic cross-instance lock; drift must be explicit before Shape-B federation.
skills:
- path: skills/__contracts__/SKILL.md
  sha256: f1202fd686781066b52096f9e0a125fc0aaec32b1d14763ec08fc0c36d0fe838
- path: skills/add-hook/SKILL.md
  sha256: cd9c76ab65e6d2c61d022f18172691d8671d951e5fceb369ec72d206a737fc13
- path: skills/add-mcp/SKILL.md
  sha256: 73aada7bd7cbbbbb8248b0c436df9ec37cf6aaa21bba86a739065c5f1ab33d66
- path: skills/add-rule/SKILL.md
  sha256: f08ba3d7e45a7e857f0fd80f9ab39c592bc330c8bf89d62b02a7e1370da2ed35
- path: skills/add-skill/SKILL.md
  sha256: b08438df3513887deea42093b233c6bc9730b8acdd05f01f00e2aff8004bac5e
- path: skills/adr-tombstone/SKILL.md
  sha256: 0a7237ce7ddd3112b94bad5865f92efdb159b3ae8f5762457bb3159240c06fbe
- path: skills/agent-control/SKILL.md
  sha256: 8f5ffc917cee8a57959c3a61e43c6881e46f0c6a9c15fbb490774345be3f1529
- path: skills/agent-dashboard/SKILL.md
  sha256: 01aee162746af28fe1596c1554a6fcbf9f428ce86fdc3d4c26b74970fad6d116
- path: skills/agent-kpis/SKILL.md
  sha256: 5bfff03da4dfd8d01049388b1991c6683517883ee87eada84bfd2b3e11d9afd4
- path: skills/agent-stress-test/SKILL.md
  sha256: fe45aba36ba2d9aa9c516bd481dc939ee8a65697f5e09fad7239e80e17907627
- path: skills/analyze-improvements/SKILL.md
  sha256: 0a3b107f917536f15e14215d4aef99142e87fce91fbd588a92758e4f08cce3ae
- path: skills/apply-improvements/SKILL.md
  sha256: 2795717fb6266679a596fb1bbb5a1d7353d7baecdf01600817b5eb99a7370ef5
- path: skills/architecture-map-answer/SKILL.md
  sha256: f7a231eb4c5023aa3298f428b6b3913c85994adb20064a791a81d89907f2cf98
- path: skills/arena/SKILL.md
  sha256: 64bbc64abc472c9dfc71e9f8af388396c6a6ccf2cf6ccddb7205ded48e1af459
- path: skills/audit-integrity/SKILL.md
  sha256: 674509eb39050c5114565b1c263ce08d6e6121cdf776000fc72bab94a0fb2f04
- path: skills/audit-website/SKILL.md
  sha256: 82ac1c44cd1f45550a06bcf57e66b0af940232d7a697e936f9b45d50ac2192c7
- path: skills/auto-refine/SKILL.md
  sha256: 1bf26703ee0eb0b54e29d48bca469fc8c1ba1187456fed193f320dde662fe214
- path: skills/auto-rollback/SKILL.md
  sha256: 352a66253a7b29ef4c5fe1f63c5f25f0be3df79ac578f80e709147b66cd1d1f8
- path: skills/automaker-bridge/SKILL.md
  sha256: d04acd106723624da490e642465f1050d89f57332b5d4bd5e19a9ad31208062a
- path: skills/batch-runner/SKILL.md
  sha256: 56aa86f6598e233ad47dde029dbcf2afe1ac471e87e899360860e29bf60f6a21
- path: skills/branch-worktree-closure/SKILL.md
  sha256: a55eab8c682124966131a4d1ff79450a60fd347d008f2c1ab077b4dd1c307754
- path: skills/browser-task/SKILL.md
  sha256: 9f17acf98fa7f1216eb57e324e6de9202a8713953330fc64d1fad5f033cc2753
- path: skills/bump-version/SKILL.md
  sha256: 7fe93652e96e2773d1201c20d572d566ea415be3fae52d1c44ccc3ce1dbd4927
- path: skills/capability-snapshot/SKILL.md
  sha256: 150e6b12eb6b1301ed361970f84177bc7220f406ccf2c887174d915b2fb06bcd
- path: skills/catalog-full/SKILL.md
  sha256: e3c3139bb29bd312ca14a1a1fa79edf00f72b639b63df66939c3b3d48148d9f9
- path: skills/caveman/SKILL.md
  sha256: 0ff8046eab4326a9ec61dc6c424dc56d16f1bc0969e4f683558471e98b6e5a3b
- path: skills/caveman-compress/SKILL.md
  sha256: 80f7a8ac48f6a7f6f2129dc39e5342f9915b8db7cd9732903ffb0a6682a823ec
- path: skills/code-review/SKILL.md
  sha256: 152a2d98f54b9dc699ca08b7847e677cf3b1728074f67bca36abd92c262de50e
- path: skills/cognee-integration/SKILL.md
  sha256: a438f52ef4b8b77b9af906104aa68619989955fc20fcf96f824ff3c78751fe9e
- path: skills/cognee-search/SKILL.md
  sha256: 3d3aefc76369f2bfeefea32fda2249183f33f74654aa417bf9331b2ea869c9a0
- path: skills/cognitive-os-benchmark/SKILL.md
  sha256: 65db1413f5be3a48ec5912e0b9aaf5ed06737b6727343139eea6ea82a299f67d
- path: skills/cognitive-os-init/SKILL.md
  sha256: 225c76f1dbc9b3a84e1dd63e636938f4e6755be740501522fc32ebe6a79fed1b
- path: skills/cognitive-os-status/SKILL.md
  sha256: fb4bb23bc4a0b274b702aa4b59a08fedc98e3efe4325362a0429b481a9444a23
- path: skills/cognitive-os-test/SKILL.md
  sha256: b78ca692ac584d1c1f7546f476766e8e127d290b442a9d34d1d285d14f535072
- path: skills/compat-test/SKILL.md
  sha256: 192d7dbccd834ffb8994b98ef1041fca83dd7b4f11c63c2dc2139f2e1b25aee6
- path: skills/component-classifier/SKILL.md
  sha256: a6e718eb7f4d1cb6f653bf00bb9f271618ca9f609e743ea9bd1e53cf805bf04f
- path: skills/component-reality-check/SKILL.md
  sha256: fafe5ebe08e3155d542f533af759159a7ec15c4e687dff163a9aa1c526aa7fae
- path: skills/compose-prompt/SKILL.md
  sha256: 2a3121c4466cfdee4e499ccbdf46c1a221cefc744fae3c0d27c1c417c1279bdf
- path: skills/confidence-check/SKILL.md
  sha256: 9b6b93703edcfbdfbb7e773df68730c997211a5a1c23c65bd0d46715123c6a82
- path: skills/contract-drift/SKILL.md
  sha256: a781a57cff5f264a19cc5bf891564de285b9362fd4f984f3e9bcd937a8d0f6cf
- path: skills/conversation-memory/SKILL.md
  sha256: c61dffac3083a178856b7f70129957d3f8aa300432192ace219c6cfb5c04117a
- path: skills/coordination-status/SKILL.md
  sha256: 6f4150edbb6b9e2af8221ba1a147fa3d11a727533ad9e9205df42a2855cbe474
- path: skills/cos-install-operations/SKILL.md
  sha256: 17f4af006832462f9b248e50baa16e1f10cd925b14dd91573123c187fe1f95b5
- path: skills/cos-maintainer-operations/SKILL.md
  sha256: 5cca78bf40e5917a775d715854faeb90f9afd5da1cea7e83c62b7f901c297278
- path: skills/cos-status/SKILL.md
  sha256: 75c6d9ce5892dd9520ee5acde24898f9d1dcc481c7e18a1beca457bbb097d1ca
- path: skills/cost-predictor/SKILL.md
  sha256: 43f744284473a5095520089b11f62fdb88e71c41b7a184b2f641b38d1bd21b4e
- path: skills/coverage-enforcement/SKILL.md
  sha256: 7516bba9ead2e87dc266a86b3c04ab4b043230cce5649b60747f2e7026966dcb
- path: skills/decision-triage/SKILL.md
  sha256: 27bfb7573c5d0e2867bb06f5911f0c057a57c001048dc209e7692e784a9b488c
- path: skills/deep-research/SKILL.md
  sha256: 7f52336cacd45b9a6863d84ad1f8ec1df9258ac5edcf544fa26bfe3f1ee1c1f4
- path: skills/deep-tool-research/SKILL.md
  sha256: f3ab5cfbbe52302aaf901671307173ba3f6cd1cd81db9b43cf2080c984a2420a
- path: skills/deepeval-integration/SKILL.md
  sha256: 0b878ed264ef53ffef4d82f78c8e40946b873d3e35b42c384c013f6d98b78677
- path: skills/deps-update/SKILL.md
  sha256: 23ee9a521655b88532797d5f595ec47da64439eed2c3b8f6a0c4879dea97083c
- path: skills/detect-patterns/SKILL.md
  sha256: 032fd60c796c1725000c3085efbf54c63a0aa0884d097789a43276d0000a1516
- path: skills/detect-stack/SKILL.md
  sha256: 2246cd150965575a29bcf97899a862e9bbb0ec1191e95533e1f49d89a4b6400e
- path: skills/devbox-checkpoint/SKILL.md
  sha256: 6f3dac7770ad9137db2d401f733f934f2e1e290c5a4af144a9ed772db05c2df7
- path: skills/doc-review-personas/SKILL.md
  sha256: 2e0fe96b8bacad418bf1afb236d1acc4575629f2aaf12e84b6e42721515144b8
- path: skills/doc-sync/SKILL.md
  sha256: b94f56d7bd10b00d967c159c9a9a4dfcb402709c33dbf4c475ab2fd3ae9394ef
- path: skills/docs-execution-audit/SKILL.md
  sha256: 92db5259e4c32d8b09cb810a604943f10dcd5e0897358936ab8e2984aa9abcb9
- path: skills/document-feature/SKILL.md
  sha256: e22997e9e08feab519b6480833ab631d40117612f164e099b08fc0ca00043cd0
- path: skills/dod-check/SKILL.md
  sha256: 24414e018586018608d28e07f4c655020656aa14dfd039661de077ac3f764e85
- path: skills/dogfood-score/SKILL.md
  sha256: ff1733c6d423344c41ffba8cce8e34c61549e012a0418ea2da0856c980b05c8d
- path: skills/domain-model/SKILL.md
  sha256: 0bb316a2963e9205563604cecfade3ac541467f64a406e846e400bf1106f515c
- path: skills/error-analyzer/SKILL.md
  sha256: f235c6328f798dfa4d28f856db0dc983a6fdf1a3c591dca1165d038bab1e7438
- path: skills/eval-repo/SKILL.md
  sha256: 96efbc744f4a99fa5ba846b5231a9c86ea6d5904b0edd5a25a756552eea52030
- path: skills/evaluate-plan/SKILL.md
  sha256: f55ec788a6e19f587c3f613f5051e58d10b6a14a3c48ca1c2cd017fbbd870656
- path: skills/exhaustive-prompt/SKILL.md
  sha256: 2c83f231e142cdbcb30024248603d5ff20addd8fe5524f7863bce51f42ef2ea8
- path: skills/experimental/SKILL.md
  sha256: c47d39893997ce62f9d6f491aab1164b53346462f054cfa102846fb9648f0896
- path: skills/generate-changelog/SKILL.md
  sha256: 8148a2fbbccef7d938c0f9ad52153d31da92dbfd37b92239f214b51816baa2e7
- path: skills/generate-config/SKILL.md
  sha256: bc7308ffc80610b35dd1f685156daed09a5295d29866ffe915e631a79f7b3a07
- path: skills/gpu-sandbox/SKILL.md
  sha256: f83c0d571d3dca485e4d0a8faaee47d370ee4408e07a0c23452242e03c337a00
- path: skills/graphify-query/SKILL.md
  sha256: 643467de361229cbbf83b3649628473995809750a2c84d9933dfba3cef92dfd5
- path: skills/harness-audit/SKILL.md
  sha256: 50146324ab411e494aeda3802bc1c7f635686598720ae13006820ec1d26969c7
- path: skills/hook-timing/SKILL.md
  sha256: 0296d69dd0a36a66f331a1b74bf103ddecaa2c40990b8d9f890f5a1d3d6c1594
- path: skills/impact-analysis/SKILL.md
  sha256: 99946c3d6178d507422be96016c1089c15e3014ff8027eda1c88a773d2916e3f
- path: skills/install-hook/SKILL.md
  sha256: df397ee5f9f40ce038d5e2001335774cfe0e8bc8604f448d05ccaa4b124e5a84
- path: skills/install-recommended/SKILL.md
  sha256: 5227ae803e3a2da4402d2a80f6c2df0c8b41975dfcf799372add666d2b4d458b
- path: skills/install-skill/SKILL.md
  sha256: f7e3568b62c28eb12c2d16288bb5d068040ddf7719a9d8551a1ad403ca364bd5
- path: skills/invariant-check/SKILL.md
  sha256: d46fb2dbc8b246aed5983a86f1afebfbd25ac53866aa92ea6512dd24dfb13104
- path: skills/issue-pipeline/SKILL.md
  sha256: 535bc60079e02f8ce0d06539e2d2407e1b05b7732450c3be6c50e76af9d7e25a
- path: skills/jupyter-execute/SKILL.md
  sha256: 93cbcc41d8b0a4766493f1110544dcd3803aeabc4ee2d440556540ad720bfc59
- path: skills/llm-status/SKILL.md
  sha256: cb688b5bbba8de376828b1be54b1b52ecc5e6f1d852d0c2e7aa23eb3017c3250
- path: skills/memory-scan/SKILL.md
  sha256: ea2bdde25f0ce5d17087e45dd60314a9eb46cd45881a239fb4139811e764897d
- path: skills/memu-context/SKILL.md
  sha256: 764461e89f32e7ea39167b353b78696a0a35cd1aadc41200abe6a1acfe6d78c4
- path: skills/metrics-calibrator/SKILL.md
  sha256: 560ee5935ed9ee9f5d790e0f059bed27cfe15cfe8fc451bd5d740fdda5a4c7c1
- path: skills/model-optimizer/SKILL.md
  sha256: 8e1a269b3bbc1cd56488360a03055a154254382e37b2f833d636302c5e1e3318
- path: skills/nemo-guardrails/SKILL.md
  sha256: bbfc2d3125acd2cd75781c28b310f9552dec4b4ba8a91692463d510cde9d607d
- path: skills/ops-runbook/SKILL.md
  sha256: 037af1eecaa297aace59879fb4181c091598f243fd8e6c17afa23d2b33d72604
- path: skills/optimize-skill/SKILL.md
  sha256: d11d057e8ef1e4b80d333347269073e517101c9473fa72d8d973fd6160b55b5c
- path: skills/os-session-wrapup/SKILL.md
  sha256: 18360399c50dcbe9400dc5b45c44cfae8ce7412faf5dbc1dc704315e4cf94a5d
- path: skills/patch-release/SKILL.md
  sha256: bc1ba0f1fd8363c7db57f6119857daf0613e00b7ceff492e6c49419b6a0cb1fa
- path: skills/pattern-audit/SKILL.md
  sha256: 5591400fb1cadaece452755e59347c82043e47a1fdce8f8dab18f281f6256a81
- path: skills/peer-card/SKILL.md
  sha256: 6aefe9a4c715e14710917d4b26978aa427c0616c0be4cba15bac527ba2295eac
- path: skills/pentest-self/SKILL.md
  sha256: 0a74ef53c02fb300266f1010ce54e27d1119025cada480521e31019f94a4ba38
- path: skills/persistent-agent/SKILL.md
  sha256: 7e92397cc8c0530d2a0b6964dec3c7ca5c6ee0da087999c12c4707aa3f395891
- path: skills/phoenix-trace-ui/SKILL.md
  sha256: f4f8ceab3e4f231f5a494a567ace6e2bad8094159c65a7bcbcfdae83bad23cc8
- path: skills/plan-bug/SKILL.md
  sha256: c534b1452405e2e4d31ed837efbfae664d7f7244a4d0207e429a89316149a114
- path: skills/plan-chore/SKILL.md
  sha256: 5d035121287d25a6b51b3acec11693597a557e78134a0a17b7636b87341e3f02
- path: skills/plan-feature/SKILL.md
  sha256: 551113045ea78451aea55ac8a37efb4c9e6f215686cbece1d75c51d026dc6bd7
- path: skills/planning-poker/SKILL.md
  sha256: 50b5be30c9fc3f3ae68fb9f43f7222244188779481830fdebb259226716dfd78
- path: skills/pr-review/SKILL.md
  sha256: 032e975379bef84acd472b9c86f1a45ab2ada089b66e35f023bb9cb0f5a5d1c3
- path: skills/preserved-wip-cleanup/SKILL.md
  sha256: 3454b919db535b000d45a418619173e66de5de0ec82891158ad3ad83811d7f9e
- path: skills/primitive-authoring/SKILL.md
  sha256: 08caa5f6f44fef224ab828fc0ec63a731398b54b36fced29cd1fcc869654552c
- path: skills/primitive-harness-coverage/SKILL.md
  sha256: 36f46e84a8d3c84f398eb6f2a8a95296d1d460b8e887888468c420b8d0b822ff
- path: skills/primitive-harvester/SKILL.md
  sha256: 9de6a0fbeded83f3f672b03cb2f6e5f44facdd0f5dc59f6b985b9e6ab90f4d03
- path: skills/primitive-surface-reduction/SKILL.md
  sha256: e8fa662b5fc767a5639d2fc10033ba33ed88303025aa8391b1c280cd2ae1e4f5
- path: skills/primitive-usage-map/SKILL.md
  sha256: 9122970023ee8a12333e4ebaa581704437744ad607fd216d238ff5f9a99b83fb
- path: skills/private-mode/SKILL.md
  sha256: 25c32980d133927e19cddf1295e87343b42532d23781bbbf689108b7ba586665
- path: skills/product-answer/SKILL.md
  sha256: 78c62658d0441001270f8f1ec6b3c5f4eb9e67478dc2aed6d104e8c1aadc9396
- path: skills/project-scaffold/SKILL.md
  sha256: 21c217638b9f24eb2ae5d584c9b5be299846b1d08b0d8d772185f456877cf984
- path: skills/promptfoo-integration/SKILL.md
  sha256: f5f1b0b39527dc67243ea940eb1d3cb3ec704c73cefbb56e4909f00ae4ee12a6
- path: skills/proof-drill/SKILL.md
  sha256: 00f59bf62a050529b441e02b5033c1ab8c957dd94d1f1dd614dac92c7f3ffe30
- path: skills/push-release/SKILL.md
  sha256: 2b6dcac2572d2c5d07118772ec5bfd093c276db4f5fb3dbc2a4b9170f2729ff5
- path: skills/pyrefly-typecheck/SKILL.md
  sha256: 891145eafde1ca8a931d32db2c9a3682df82c4908ade5c2b0a934933d01bff98
- path: skills/queue-drain/SKILL.md
  sha256: 4f65639164e71da4c4ba046a6eb887cfa32b1282576a17de616badfbbacaab7d
- path: skills/radar-update/SKILL.md
  sha256: 326c493b3237311e9634587350eb8b77c053f1889209d43642aaa40a8025463d
- path: skills/ragas-integration/SKILL.md
  sha256: 380c5bfb5927933d1aada85b5cb42dc465e72953ec7605b238ed911fe836679b
- path: skills/readiness-check/SKILL.md
  sha256: e555de109f6baab1cc6116c23feca017c2a59ef1c32697f46c211c4f91a6eeac
- path: skills/recall-search/SKILL.md
  sha256: 7ae7bf6a33c7c2a427b1dfe686aeb665ac060c2940a25cdae25a48ca70f27850
- path: skills/recommend-library/SKILL.md
  sha256: 5125da3f9f00daf498bd1a5dc06481cf4cf4ecfcbbbfd527713b1d0c0ee8247e
- path: skills/red-team/SKILL.md
  sha256: dd98a7ea82b30c747229e720f1c00e0939e58bfec4a18fcf9c0a04f3bed1a7e0
- path: skills/redteam-harness/SKILL.md
  sha256: ed6bd4829e5c7319eb2c0574409e448a15a6134068f3e77cafd3a0624bc30417
- path: skills/release-os/SKILL.md
  sha256: a519a9361e9a8aab22d034ec421f710ebb13aa567da21f9aed017161c6dd6ca7
- path: skills/repair-skill/SKILL.md
  sha256: c12ea4284370ce08408af1d28fa4e6aabd0db56673a471ef8c4652944eda1376
- path: skills/repair-status/SKILL.md
  sha256: f05ec1e32f454b80f88389a2e97d0e60a57f126d6b23bdc4c25d3b4d43b23fd4
- path: skills/repo-forensics/SKILL.md
  sha256: df662a366fa5fbd21ee59968e630907338c88abb377ffe554b3e4ee293e4f039
- path: skills/repo-scout/SKILL.md
  sha256: 1b2e38b93ad95b7b565db566264a1f2da0c4e797a19f062549846cc539974b7a
- path: skills/research-protocol/SKILL.md
  sha256: 8ebfbc41307280f81cc1700dfa8321168328035ef3cf993f5a0ce4a7d975a21e
- path: skills/resolve-blockers/SKILL.md
  sha256: 2f5e72b0c64bf2949a580bfe852b4e54089413e2b5023206c0b317731a88610d
- path: skills/resource-governor/SKILL.md
  sha256: 6b8ecd694e8c6ae6fa93ff788e7a28d979533a98a6e8f258440a51309abcface
- path: skills/resume-tasks/SKILL.md
  sha256: ca50fb252e881678283c3760c78b56410c109ec494b7595b200615cf322b98ae
- path: skills/retrospective/SKILL.md
  sha256: 4533fb1ddc9a03a53ad48e7eec174e9a5d034061c0065ec1d6fa0e82f3158cbb
- path: skills/reverse-engineer/SKILL.md
  sha256: bc326dc78c829f3f26c04139834bcd645f931e95e5716973472f9dc22ecec332
- path: skills/review-output/SKILL.md
  sha256: 4553fd3729464973829609d6da768b355cbc746a4c0f16fc627b50aa05ac5a31
- path: skills/risk-register/SKILL.md
  sha256: a1b24c965c912760bf8d3c0b38a2eb34e5862daebfc932769155c2ff288b3470
- path: skills/rules-export/SKILL.md
  sha256: 215ec0b5312c8e5527ac79c2f53ce62ca4105241292ee52cc98aa2445affc8cc
- path: skills/run-tests/SKILL.md
  sha256: 36728b6b876066ec9b2f1a2bd903dec19e466570da0d1e2837b28f32f1b80bc2
- path: skills/sandbox-sample/SKILL.md
  sha256: ca74f81ffdd74a0d3acbddf1fdb969a1178f515ea4151af2a8a73865a39f2399
- path: skills/scaffold-project/SKILL.md
  sha256: 85074281858843c70b8cddb1fb788af8ef62dd1a5f838046a6b7bc3b439e7ae5
- path: skills/scout/SKILL.md
  sha256: 376d2e34778ace919dd2b88d8ac04c3f0a2bcd5e368446de7a6590a3b2c3971b
- path: skills/sdd-apply/SKILL.md
  sha256: 0375a2c6812814aaebb6ed579c2b68501b4ebfa2e0832b86b36e438e2a3bcd00
- path: skills/sdd-compound/SKILL.md
  sha256: 8808dd7d5b7f3849d27911d62930b4fa168e0de84f4b161e56c19fbaaf5c1966
- path: skills/sdd-continue/SKILL.md
  sha256: a671a75ecef790feff544fabc0ac7917cfc9243e3e515c952dbcc8672d142ea8
- path: skills/sdd-explore/SKILL.md
  sha256: ba6b4238bc900c636c687881ae55df2bb2bce34c85a3882aa3722d2d7e12dedb
- path: skills/sdd-resume/SKILL.md
  sha256: d64693bfffb45e3a1fb0160675a046ac67f9e863a2d381a03dd024455f529f65
- path: skills/sdd-spec/SKILL.md
  sha256: b4144ffa39061290ad0c59d90410ad6576fdbf9d73ea63fb5886ee81fd306c79
- path: skills/sdd-tasks/SKILL.md
  sha256: 6b21b2b2ed3c0b2074ad4d1a933007a977497094d1bfd203f88518bb92a0a1a4
- path: skills/sdd-verify/SKILL.md
  sha256: 8a5e48063a8cc4f7643b1b47a26b5416e9c0709d7a6df037fe6c7b54ed09b280
- path: skills/secret-audit/SKILL.md
  sha256: 9cff677a7074ca122220ac87e209b4bb0f990d28e8874323374d834526003d2c
- path: skills/security-audit/SKILL.md
  sha256: 906a15984ba21069f7bba9db233f60c0d2f0b066c53f538aeef93e1a47f3898c
- path: skills/security-red-team/SKILL.md
  sha256: d9fca73f99c68e36c994b77e74d58ed4a8abfe20254c64cc2cf2eef40bfd3a82
- path: skills/self-improve/SKILL.md
  sha256: c0aa8168e58468ee7a5118c2fb7938fe0f00f9722c4ca746af4eccf03a6dc9d4
- path: skills/self-improvement-loop/SKILL.md
  sha256: b689e84276f29397116743fb7d756d91fb625de44147962900c9058b54abf910
- path: skills/self-review/SKILL.md
  sha256: 2037c9e25dbda30467c831bb4e507c8a6acaf5f933f6ea79fba569f85df0c57d
- path: skills/semgrep-scan/SKILL.md
  sha256: 259fbf7d44bb8eaa22f4260bd767b9852fe41a9865e4119050e2d50f39c21506
- path: skills/session-backlog/SKILL.md
  sha256: 67720f8f0ec3ec604001606aab01bf2111e012ed2ab0cc2aa1acb2fd326380fd
- path: skills/session-manager/SKILL.md
  sha256: f111961a3cedc4e4dbc6e0c9d8ef95251f743bd4889bc64f37badcad500be6bf
- path: skills/session-pending-brief/SKILL.md
  sha256: 56b080b08e36ef5c994622a74eb25f5cbfd855596fe8f0626058a11a2c958630
- path: skills/session-pending-close/SKILL.md
  sha256: 97b807ea19ef4f2dc3c6477250f9c4c56f1f1a6793dfdbd163f2f74b8bb950a5
- path: skills/session-report-executive/SKILL.md
  sha256: 87d156ca1477d3e3629a66e59bf5e1a6558b90d902eb6b267633675942eaced6
- path: skills/session-wrapup/SKILL.md
  sha256: ce04a3f1b335df3ce9092c1a57afe4061c7f33b44cdb4a4dd24301d261b7a150
- path: skills/simulation-arena/SKILL.md
  sha256: b0fd38a68035c4dd16905d0c19b35714850a0f29988ba8668823e4be258a7471
- path: skills/singularity/SKILL.md
  sha256: 3e155eb9af93033026aa00a91e614d4c56bca786840703ac8164731db0ced00e
- path: skills/skill-creator/SKILL.md
  sha256: 9fa77da0eafc959edb58707dd27ada0fb2f76e09582d40f6aeef4e79394896d5
- path: skills/smoke-test/SKILL.md
  sha256: fb418cdb0f744dfe8fbbacb77dd98b34f08435fdd5a5cd3fc6513df4a4e7bcd6
- path: skills/so-vs-vanilla/SKILL.md
  sha256: 5c7624804c1e6698f0fc1747c92c7dec8249f72c35790a265750f4b4105b500e
- path: skills/sprint/SKILL.md
  sha256: ae5d9b067b172ad8793420def497262e30bce3fe7fba0c4536128d6d397a9b5d
- path: skills/squad-manager/SKILL.md
  sha256: 4c38fb1272c0b8016972509e1268a4700da6ae24aff403d21369e2dc9e74c81f
- path: skills/sre-agent/SKILL.md
  sha256: 9bcfa65fa52b25dc15642d48dc49b7a2e4fd117fc230c50a1bcdeaf1c1a15f40
- path: skills/stash-quarantine/SKILL.md
  sha256: d5ef723f601f74261f485b60fde583cf9ba0fdcf1b4463c7a4725582a8ddd542
- path: skills/strands-evals-integration/SKILL.md
  sha256: 2ef6451fdca0eaffdb7601d7c89d8dbf6cbd50dfbbfcdd86c638785e675436a6
- path: skills/synthesize-skill/SKILL.md
  sha256: 7a53e90461f490e415a7e44a8d4592b87466e82d1402f72d164b2072a5b35be3
- path: skills/systematic-debugging/SKILL.md
  sha256: badde5e8e0b2dedeacb702bf403a8e8727f4282e226bd00dc610186e182368f7
- path: skills/tag-release/SKILL.md
  sha256: 57e2a0e317fc5acd828415f298fbcaf48e08c9375c9d7f423c3d9e7246ab506e
- path: skills/test-contract-repair/SKILL.md
  sha256: 8f8f6e15c6e45c061b936b8e4770e525d0c0138825897603cccc86acba729547
- path: skills/test-driven-development/SKILL.md
  sha256: 37481c37ae5618a6e108ffb4dae2525cbe8979d205a2a8b634fe965752b2e06c
- path: skills/tool-discovery/SKILL.md
  sha256: d64de2d39b21b91e8850363af1ddd7d2f64d5673d1536bcdfa4d230d107cffc1
- path: skills/trust-audit/SKILL.md
  sha256: 1d1a1df89a6332806325a75c28d75e3792d77346054a154f7417a00fd5595af8
- path: skills/validate-config/SKILL.md
  sha256: 7ab69fc4445a4f6bc573bb53bdd021ee73b428dae11a66f5448e4b3e30242027
- path: skills/validate-release/SKILL.md
  sha256: 3942c1f03ae9f0bdee76e82a1584a7dc0f5d0a4b5aa3e5cd1f778e3c509a1017
- path: skills/verification-before-completion/SKILL.md
  sha256: a85155e1eb15136e42476ffd600403266cc94f98ca0fed6babc6e3cbcc68ad07
- path: skills/vuln-remediation-flow/SKILL.md
  sha256: d92641c5e3db0b8ec63eb35aa087c1bf2564090880f8b1c1824c1142e4e37401
- path: skills/vulnerability-scan/SKILL.md
  sha256: 81d65d9842046d73457a7c9ffb79e4c3643614be94b15375563a45e57d53c7fb
- path: skills/web-crawler/SKILL.md
  sha256: cb6a7bf910f2562a98a4a02ae86d2378193277c7926e379f3df4da65bf48ea30
- path: skills/webhook-trigger/SKILL.md
  sha256: 0db0ee54ce2d28e584d4ce974f62b9de7eb925a6bd4114c0895c540da4e30c8d
- path: skills/wiki-ingest/SKILL.md
  sha256: d5ec92793088453909053e8b6d0e8a0257bfc704e1a0ab0475298d719b2b6e49
- path: skills/worktree-triage/SKILL.md
  sha256: c8bbf4259542f7abe809fcf246d43a8b3a5a6e71b91f08665dca077f589cbdc9
